// !$*UTF8*$!
{
	archiveVersion = 1;
	classes = {
	};
	objectVersion = 45;
	objects = {

/* Begin PBXAggregateTarget section */
		24416B8111C4CA220047AFDD /* Build & Test */ = {
			isa = PBXAggregateTarget;
			buildConfigurationList = 24416B8A11C4CA520047AFDD /* Build configuration list for PBXAggregateTarget "Build & Test" */;
			buildPhases = (
				24416B8011C4CA220047AFDD /* ShellScript */,
			);
			dependencies = (
				24416B8511C4CA280047AFDD /* PBXTargetDependency */,
			);
			name = "Build & Test";
			productName = "Build & test";
		};
/* End PBXAggregateTarget section */

/* Begin PBXBuildFile section */
		1D1C728D1640B94900CD65BA /* FacebookModule.h in Headers */ = {isa = PBXBuildFile; fileRef = 1D1C728B1640B94900CD65BA /* FacebookModule.h */; };
		1D1C728E1640B94900CD65BA /* FacebookModule.m in Sources */ = {isa = PBXBuildFile; fileRef = 1D1C728C1640B94900CD65BA /* FacebookModule.m */; };
		1D1C72971640B95D00CD65BA /* TiFacebookDialogRequest.h in Headers */ = {isa = PBXBuildFile; fileRef = 1D1C728F1640B95D00CD65BA /* TiFacebookDialogRequest.h */; };
		1D1C72981640B95D00CD65BA /* TiFacebookDialogRequest.m in Sources */ = {isa = PBXBuildFile; fileRef = 1D1C72901640B95D00CD65BA /* TiFacebookDialogRequest.m */; };
		1D1C72991640B95D00CD65BA /* TiFacebookLoginButton.h in Headers */ = {isa = PBXBuildFile; fileRef = 1D1C72911640B95D00CD65BA /* TiFacebookLoginButton.h */; };
		1D1C729A1640B95D00CD65BA /* TiFacebookLoginButton.m in Sources */ = {isa = PBXBuildFile; fileRef = 1D1C72921640B95D00CD65BA /* TiFacebookLoginButton.m */; };
		1D1C729B1640B95D00CD65BA /* TiFacebookLoginButtonProxy.h in Headers */ = {isa = PBXBuildFile; fileRef = 1D1C72931640B95D00CD65BA /* TiFacebookLoginButtonProxy.h */; };
		1D1C729C1640B95D00CD65BA /* TiFacebookLoginButtonProxy.m in Sources */ = {isa = PBXBuildFile; fileRef = 1D1C72941640B95D00CD65BA /* TiFacebookLoginButtonProxy.m */; };
		1D1C729D1640B95D00CD65BA /* TiFacebookRequest.h in Headers */ = {isa = PBXBuildFile; fileRef = 1D1C72951640B95D00CD65BA /* TiFacebookRequest.h */; };
		1D1C729E1640B95D00CD65BA /* TiFacebookRequest.m in Sources */ = {isa = PBXBuildFile; fileRef = 1D1C72961640B95D00CD65BA /* TiFacebookRequest.m */; };
		1D1C73001640B97300CD65BA /* Facebook.h in Headers */ = {isa = PBXBuildFile; fileRef = 1D1C72A01640B97200CD65BA /* Facebook.h */; };
		1D1C73011640B97300CD65BA /* Facebook.m in Sources */ = {isa = PBXBuildFile; fileRef = 1D1C72A11640B97200CD65BA /* Facebook.m */; };
		1D1C73021640B97300CD65BA /* FacebookSDK.h in Headers */ = {isa = PBXBuildFile; fileRef = 1D1C72A21640B97200CD65BA /* FacebookSDK.h */; };
		1D1C73031640B97300CD65BA /* FBCacheDescriptor.h in Headers */ = {isa = PBXBuildFile; fileRef = 1D1C72A41640B97200CD65BA /* FBCacheDescriptor.h */; };
		1D1C73041640B97300CD65BA /* FBCacheDescriptor.m in Sources */ = {isa = PBXBuildFile; fileRef = 1D1C72A51640B97200CD65BA /* FBCacheDescriptor.m */; };
		1D1C73051640B97300CD65BA /* FBCacheIndex.h in Headers */ = {isa = PBXBuildFile; fileRef = 1D1C72A61640B97200CD65BA /* FBCacheIndex.h */; };
		1D1C73061640B97300CD65BA /* FBCacheIndex.m in Sources */ = {isa = PBXBuildFile; fileRef = 1D1C72A71640B97200CD65BA /* FBCacheIndex.m */; };
		1D1C73071640B97300CD65BA /* FBConnect.h in Headers */ = {isa = PBXBuildFile; fileRef = 1D1C72A81640B97200CD65BA /* FBConnect.h */; };
		1D1C73081640B97300CD65BA /* FBContentLink.h in Headers */ = {isa = PBXBuildFile; fileRef = 1D1C72A91640B97200CD65BA /* FBContentLink.h */; };
		1D1C73091640B97300CD65BA /* FBContentLink.m in Sources */ = {isa = PBXBuildFile; fileRef = 1D1C72AA1640B97200CD65BA /* FBContentLink.m */; };
		1D1C730A1640B97300CD65BA /* FBDataDiskCache.h in Headers */ = {isa = PBXBuildFile; fileRef = 1D1C72AB1640B97200CD65BA /* FBDataDiskCache.h */; };
		1D1C730B1640B97300CD65BA /* FBDataDiskCache.m in Sources */ = {isa = PBXBuildFile; fileRef = 1D1C72AC1640B97200CD65BA /* FBDataDiskCache.m */; };
		1D1C730C1640B97300CD65BA /* FBDialog.h in Headers */ = {isa = PBXBuildFile; fileRef = 1D1C72AD1640B97200CD65BA /* FBDialog.h */; };
		1D1C730D1640B97300CD65BA /* FBDialog.m in Sources */ = {isa = PBXBuildFile; fileRef = 1D1C72AE1640B97200CD65BA /* FBDialog.m */; };
		1D1C730E1640B97300CD65BA /* FBError.h in Headers */ = {isa = PBXBuildFile; fileRef = 1D1C72AF1640B97200CD65BA /* FBError.h */; };
		1D1C730F1640B97300CD65BA /* FBError.m in Sources */ = {isa = PBXBuildFile; fileRef = 1D1C72B01640B97200CD65BA /* FBError.m */; };
		1D1C73101640B97300CD65BA /* FBFrictionlessRequestSettings.h in Headers */ = {isa = PBXBuildFile; fileRef = 1D1C72B11640B97200CD65BA /* FBFrictionlessRequestSettings.h */; };
		1D1C73111640B97300CD65BA /* FBFrictionlessRequestSettings.m in Sources */ = {isa = PBXBuildFile; fileRef = 1D1C72B21640B97200CD65BA /* FBFrictionlessRequestSettings.m */; };
		1D1C73121640B97300CD65BA /* FBFriendPickerCacheDescriptor.h in Headers */ = {isa = PBXBuildFile; fileRef = 1D1C72B31640B97200CD65BA /* FBFriendPickerCacheDescriptor.h */; };
		1D1C73131640B97300CD65BA /* FBFriendPickerCacheDescriptor.m in Sources */ = {isa = PBXBuildFile; fileRef = 1D1C72B41640B97200CD65BA /* FBFriendPickerCacheDescriptor.m */; };
		1D1C73141640B97300CD65BA /* FBFriendPickerViewController.h in Headers */ = {isa = PBXBuildFile; fileRef = 1D1C72B51640B97200CD65BA /* FBFriendPickerViewController.h */; };
		1D1C73151640B97300CD65BA /* FBFriendPickerViewController.m in Sources */ = {isa = PBXBuildFile; fileRef = 1D1C72B61640B97200CD65BA /* FBFriendPickerViewController.m */; };
		1D1C73161640B97300CD65BA /* FBFriendPickerViewController+Internal.h in Headers */ = {isa = PBXBuildFile; fileRef = 1D1C72B71640B97200CD65BA /* FBFriendPickerViewController+Internal.h */; };
		1D1C73171640B97300CD65BA /* FBGraphLocation.h in Headers */ = {isa = PBXBuildFile; fileRef = 1D1C72B81640B97200CD65BA /* FBGraphLocation.h */; };
		1D1C73181640B97300CD65BA /* FBGraphObject.h in Headers */ = {isa = PBXBuildFile; fileRef = 1D1C72B91640B97200CD65BA /* FBGraphObject.h */; };
		1D1C73191640B97300CD65BA /* FBGraphObject.m in Sources */ = {isa = PBXBuildFile; fileRef = 1D1C72BA1640B97200CD65BA /* FBGraphObject.m */; };
		1D1C731A1640B97300CD65BA /* FBGraphObjectPagingLoader.h in Headers */ = {isa = PBXBuildFile; fileRef = 1D1C72BB1640B97200CD65BA /* FBGraphObjectPagingLoader.h */; };
		1D1C731B1640B97300CD65BA /* FBGraphObjectPagingLoader.m in Sources */ = {isa = PBXBuildFile; fileRef = 1D1C72BC1640B97200CD65BA /* FBGraphObjectPagingLoader.m */; };
		1D1C731C1640B97300CD65BA /* FBGraphObjectTableCell.h in Headers */ = {isa = PBXBuildFile; fileRef = 1D1C72BD1640B97200CD65BA /* FBGraphObjectTableCell.h */; };
		1D1C731D1640B97300CD65BA /* FBGraphObjectTableCell.m in Sources */ = {isa = PBXBuildFile; fileRef = 1D1C72BE1640B97200CD65BA /* FBGraphObjectTableCell.m */; };
		1D1C731E1640B97300CD65BA /* FBGraphObjectTableDataSource.h in Headers */ = {isa = PBXBuildFile; fileRef = 1D1C72BF1640B97200CD65BA /* FBGraphObjectTableDataSource.h */; };
		1D1C731F1640B97300CD65BA /* FBGraphObjectTableDataSource.m in Sources */ = {isa = PBXBuildFile; fileRef = 1D1C72C01640B97200CD65BA /* FBGraphObjectTableDataSource.m */; };
		1D1C73201640B97300CD65BA /* FBGraphObjectTableSelection.h in Headers */ = {isa = PBXBuildFile; fileRef = 1D1C72C11640B97200CD65BA /* FBGraphObjectTableSelection.h */; };
		1D1C73211640B97300CD65BA /* FBGraphObjectTableSelection.m in Sources */ = {isa = PBXBuildFile; fileRef = 1D1C72C21640B97200CD65BA /* FBGraphObjectTableSelection.m */; };
		1D1C73221640B97300CD65BA /* FBGraphPlace.h in Headers */ = {isa = PBXBuildFile; fileRef = 1D1C72C31640B97200CD65BA /* FBGraphPlace.h */; };
		1D1C73231640B97300CD65BA /* FBGraphUser.h in Headers */ = {isa = PBXBuildFile; fileRef = 1D1C72C41640B97200CD65BA /* FBGraphUser.h */; };
		1D1C73241640B97300CD65BA /* FBLogger.h in Headers */ = {isa = PBXBuildFile; fileRef = 1D1C72C51640B97200CD65BA /* FBLogger.h */; };
		1D1C73251640B97300CD65BA /* FBLogger.m in Sources */ = {isa = PBXBuildFile; fileRef = 1D1C72C61640B97200CD65BA /* FBLogger.m */; };
		1D1C73261640B97300CD65BA /* FBLoginButton.h in Headers */ = {isa = PBXBuildFile; fileRef = 1D1C72C71640B97200CD65BA /* FBLoginButton.h */; };
		1D1C73271640B97300CD65BA /* FBLoginButton.m in Sources */ = {isa = PBXBuildFile; fileRef = 1D1C72C81640B97200CD65BA /* FBLoginButton.m */; };
		1D1C73281640B97300CD65BA /* FBLoginDialog.h in Headers */ = {isa = PBXBuildFile; fileRef = 1D1C72C91640B97200CD65BA /* FBLoginDialog.h */; };
		1D1C73291640B97300CD65BA /* FBLoginDialog.m in Sources */ = {isa = PBXBuildFile; fileRef = 1D1C72CA1640B97200CD65BA /* FBLoginDialog.m */; };
		1D1C732A1640B97300CD65BA /* FBLoginView.h in Headers */ = {isa = PBXBuildFile; fileRef = 1D1C72CB1640B97200CD65BA /* FBLoginView.h */; };
		1D1C732B1640B97300CD65BA /* FBLoginView.m in Sources */ = {isa = PBXBuildFile; fileRef = 1D1C72CC1640B97200CD65BA /* FBLoginView.m */; };
		1D1C732C1640B97300CD65BA /* FBNativeDialogs.h in Headers */ = {isa = PBXBuildFile; fileRef = 1D1C72CD1640B97200CD65BA /* FBNativeDialogs.h */; };
		1D1C732D1640B97300CD65BA /* FBNativeDialogs.m in Sources */ = {isa = PBXBuildFile; fileRef = 1D1C72CE1640B97200CD65BA /* FBNativeDialogs.m */; };
		1D1C732E1640B97300CD65BA /* FBOpenGraphAction.h in Headers */ = {isa = PBXBuildFile; fileRef = 1D1C72CF1640B97200CD65BA /* FBOpenGraphAction.h */; };
		1D1C732F1640B97300CD65BA /* FBPlacePickerCacheDescriptor.h in Headers */ = {isa = PBXBuildFile; fileRef = 1D1C72D01640B97200CD65BA /* FBPlacePickerCacheDescriptor.h */; };
		1D1C73301640B97300CD65BA /* FBPlacePickerCacheDescriptor.m in Sources */ = {isa = PBXBuildFile; fileRef = 1D1C72D11640B97200CD65BA /* FBPlacePickerCacheDescriptor.m */; };
		1D1C73311640B97300CD65BA /* FBPlacePickerViewController.h in Headers */ = {isa = PBXBuildFile; fileRef = 1D1C72D21640B97200CD65BA /* FBPlacePickerViewController.h */; };
		1D1C73321640B97300CD65BA /* FBPlacePickerViewController.m in Sources */ = {isa = PBXBuildFile; fileRef = 1D1C72D31640B97200CD65BA /* FBPlacePickerViewController.m */; };
		1D1C73331640B97300CD65BA /* FBPlacePickerViewController+Internal.h in Headers */ = {isa = PBXBuildFile; fileRef = 1D1C72D41640B97200CD65BA /* FBPlacePickerViewController+Internal.h */; };
		1D1C73341640B97300CD65BA /* FBProfilePictureView.h in Headers */ = {isa = PBXBuildFile; fileRef = 1D1C72D51640B97200CD65BA /* FBProfilePictureView.h */; };
		1D1C73351640B97300CD65BA /* FBProfilePictureView.m in Sources */ = {isa = PBXBuildFile; fileRef = 1D1C72D61640B97200CD65BA /* FBProfilePictureView.m */; };
		1D1C73361640B97300CD65BA /* FBRequest.h in Headers */ = {isa = PBXBuildFile; fileRef = 1D1C72D71640B97200CD65BA /* FBRequest.h */; };
		1D1C73371640B97300CD65BA /* FBRequest.m in Sources */ = {isa = PBXBuildFile; fileRef = 1D1C72D81640B97200CD65BA /* FBRequest.m */; };
		1D1C73381640B97300CD65BA /* FBRequestBody.h in Headers */ = {isa = PBXBuildFile; fileRef = 1D1C72D91640B97200CD65BA /* FBRequestBody.h */; };
		1D1C73391640B97300CD65BA /* FBRequestBody.m in Sources */ = {isa = PBXBuildFile; fileRef = 1D1C72DA1640B97200CD65BA /* FBRequestBody.m */; };
		1D1C733A1640B97300CD65BA /* FBRequestConnection.h in Headers */ = {isa = PBXBuildFile; fileRef = 1D1C72DB1640B97200CD65BA /* FBRequestConnection.h */; };
		1D1C733B1640B97300CD65BA /* FBRequestConnection.m in Sources */ = {isa = PBXBuildFile; fileRef = 1D1C72DC1640B97200CD65BA /* FBRequestConnection.m */; };
		1D1C733C1640B97300CD65BA /* FBRequestConnection+Internal.h in Headers */ = {isa = PBXBuildFile; fileRef = 1D1C72DD1640B97200CD65BA /* FBRequestConnection+Internal.h */; };
		1D1C733D1640B97300CD65BA /* FBSDKVersion.h in Headers */ = {isa = PBXBuildFile; fileRef = 1D1C72DE1640B97200CD65BA /* FBSDKVersion.h */; };
		1D1C733E1640B97300CD65BA /* FBSession.h in Headers */ = {isa = PBXBuildFile; fileRef = 1D1C72DF1640B97200CD65BA /* FBSession.h */; };
		1D1C733F1640B97300CD65BA /* FBSession.m in Sources */ = {isa = PBXBuildFile; fileRef = 1D1C72E01640B97200CD65BA /* FBSession.m */; };
		1D1C73401640B97300CD65BA /* FBSession+Internal.h in Headers */ = {isa = PBXBuildFile; fileRef = 1D1C72E11640B97200CD65BA /* FBSession+Internal.h */; };
		1D1C73411640B97300CD65BA /* FBSession+Protected.h in Headers */ = {isa = PBXBuildFile; fileRef = 1D1C72E21640B97200CD65BA /* FBSession+Protected.h */; };
		1D1C73421640B97300CD65BA /* FBSessionManualTokenCachingStrategy.h in Headers */ = {isa = PBXBuildFile; fileRef = 1D1C72E31640B97200CD65BA /* FBSessionManualTokenCachingStrategy.h */; };
		1D1C73431640B97300CD65BA /* FBSessionManualTokenCachingStrategy.m in Sources */ = {isa = PBXBuildFile; fileRef = 1D1C72E41640B97200CD65BA /* FBSessionManualTokenCachingStrategy.m */; };
		1D1C73441640B97300CD65BA /* FBSessionTokenCachingStrategy.h in Headers */ = {isa = PBXBuildFile; fileRef = 1D1C72E51640B97300CD65BA /* FBSessionTokenCachingStrategy.h */; };
		1D1C73451640B97300CD65BA /* FBSessionTokenCachingStrategy.m in Sources */ = {isa = PBXBuildFile; fileRef = 1D1C72E61640B97300CD65BA /* FBSessionTokenCachingStrategy.m */; };
		1D1C73461640B97300CD65BA /* FBSettings.h in Headers */ = {isa = PBXBuildFile; fileRef = 1D1C72E71640B97300CD65BA /* FBSettings.h */; };
		1D1C73471640B97300CD65BA /* FBSettings.m in Sources */ = {isa = PBXBuildFile; fileRef = 1D1C72E81640B97300CD65BA /* FBSettings.m */; };
		1D1C73481640B97300CD65BA /* FBSettings+Internal.h in Headers */ = {isa = PBXBuildFile; fileRef = 1D1C72E91640B97300CD65BA /* FBSettings+Internal.h */; };
		1D1C73491640B97300CD65BA /* FBTestSession.h in Headers */ = {isa = PBXBuildFile; fileRef = 1D1C72EA1640B97300CD65BA /* FBTestSession.h */; };
		1D1C734A1640B97300CD65BA /* FBTestSession.m in Sources */ = {isa = PBXBuildFile; fileRef = 1D1C72EB1640B97300CD65BA /* FBTestSession.m */; };
		1D1C734B1640B97300CD65BA /* FBTestSession+Internal.h in Headers */ = {isa = PBXBuildFile; fileRef = 1D1C72EC1640B97300CD65BA /* FBTestSession+Internal.h */; };
		1D1C734C1640B97300CD65BA /* FBURLConnection.h in Headers */ = {isa = PBXBuildFile; fileRef = 1D1C72ED1640B97300CD65BA /* FBURLConnection.h */; };
		1D1C734D1640B97300CD65BA /* FBURLConnection.m in Sources */ = {isa = PBXBuildFile; fileRef = 1D1C72EE1640B97300CD65BA /* FBURLConnection.m */; };
		1D1C734E1640B97300CD65BA /* FBUserSettingsViewController.h in Headers */ = {isa = PBXBuildFile; fileRef = 1D1C72EF1640B97300CD65BA /* FBUserSettingsViewController.h */; };
		1D1C734F1640B97300CD65BA /* FBUserSettingsViewController.m in Sources */ = {isa = PBXBuildFile; fileRef = 1D1C72F01640B97300CD65BA /* FBUserSettingsViewController.m */; };
		1D1C73501640B97300CD65BA /* FBUtility.h in Headers */ = {isa = PBXBuildFile; fileRef = 1D1C72F21640B97300CD65BA /* FBUtility.h */; };
		1D1C73511640B97300CD65BA /* FBUtility.m in Sources */ = {isa = PBXBuildFile; fileRef = 1D1C72F31640B97300CD65BA /* FBUtility.m */; };
		1D1C73521640B97300CD65BA /* FBViewController.h in Headers */ = {isa = PBXBuildFile; fileRef = 1D1C72F41640B97300CD65BA /* FBViewController.h */; };
		1D1C73531640B97300CD65BA /* FBViewController.m in Sources */ = {isa = PBXBuildFile; fileRef = 1D1C72F51640B97300CD65BA /* FBViewController.m */; };
		1D1C73541640B97300CD65BA /* FBViewController+Internal.h in Headers */ = {isa = PBXBuildFile; fileRef = 1D1C72F61640B97300CD65BA /* FBViewController+Internal.h */; };
		1D1C73551640B97300CD65BA /* FBSBJSON.h in Headers */ = {isa = PBXBuildFile; fileRef = 1D1C72F81640B97300CD65BA /* FBSBJSON.h */; };
		1D1C73561640B97300CD65BA /* FBSBJSON.m in Sources */ = {isa = PBXBuildFile; fileRef = 1D1C72F91640B97300CD65BA /* FBSBJSON.m */; };
		1D1C73571640B97300CD65BA /* FBSBJsonBase.h in Headers */ = {isa = PBXBuildFile; fileRef = 1D1C72FA1640B97300CD65BA /* FBSBJsonBase.h */; };
		1D1C73581640B97300CD65BA /* FBSBJsonBase.m in Sources */ = {isa = PBXBuildFile; fileRef = 1D1C72FB1640B97300CD65BA /* FBSBJsonBase.m */; };
		1D1C73591640B97300CD65BA /* FBSBJsonParser.h in Headers */ = {isa = PBXBuildFile; fileRef = 1D1C72FC1640B97300CD65BA /* FBSBJsonParser.h */; };
		1D1C735A1640B97300CD65BA /* FBSBJsonParser.m in Sources */ = {isa = PBXBuildFile; fileRef = 1D1C72FD1640B97300CD65BA /* FBSBJsonParser.m */; };
		1D1C735B1640B97300CD65BA /* FBSBJsonWriter.h in Headers */ = {isa = PBXBuildFile; fileRef = 1D1C72FE1640B97300CD65BA /* FBSBJsonWriter.h */; };
		1D1C735C1640B97300CD65BA /* FBSBJsonWriter.m in Sources */ = {isa = PBXBuildFile; fileRef = 1D1C72FF1640B97300CD65BA /* FBSBJsonWriter.m */; };
		1D1C73611640BC8100CD65BA /* AdSupport.framework in Frameworks */ = {isa = PBXBuildFile; fileRef = 1D1C735E1640BC8100CD65BA /* AdSupport.framework */; settings = {ATTRIBUTES = (Weak, ); }; };
		1D1C73621640BC8100CD65BA /* Accounts.framework in Frameworks */ = {isa = PBXBuildFile; fileRef = 1D1C735F1640BC8100CD65BA /* Accounts.framework */; settings = {ATTRIBUTES = (Weak, ); }; };
		1D1C73631640BC8100CD65BA /* Social.framework in Frameworks */ = {isa = PBXBuildFile; fileRef = 1D1C73601640BC8100CD65BA /* Social.framework */; settings = {ATTRIBUTES = (Weak, ); }; };
		24DE9E1111C5FE74003F90F6 /* FacebookModuleAssets.h in Headers */ = {isa = PBXBuildFile; fileRef = 24DE9E0F11C5FE74003F90F6 /* FacebookModuleAssets.h */; };
		24DE9E1211C5FE74003F90F6 /* FacebookModuleAssets.m in Sources */ = {isa = PBXBuildFile; fileRef = 24DE9E1011C5FE74003F90F6 /* FacebookModuleAssets.m */; };
		AA747D9F0F9514B9006C5449 /* Facebook_Prefix.pch in Headers */ = {isa = PBXBuildFile; fileRef = AA747D9E0F9514B9006C5449 /* Facebook_Prefix.pch */; };
		AACBBE4A0F95108600F1A2B1 /* Foundation.framework in Frameworks */ = {isa = PBXBuildFile; fileRef = AACBBE490F95108600F1A2B1 /* Foundation.framework */; };
/* End PBXBuildFile section */

/* Begin PBXContainerItemProxy section */
		24416B8411C4CA280047AFDD /* PBXContainerItemProxy */ = {
			isa = PBXContainerItemProxy;
			containerPortal = 0867D690FE84028FC02AAC07 /* Project object */;
			proxyType = 1;
			remoteGlobalIDString = D2AAC07D0554694100DB518D;
			remoteInfo = facebook;
		};
/* End PBXContainerItemProxy section */

/* Begin PBXFileReference section */
		1D1C728B1640B94900CD65BA /* FacebookModule.h */ = {isa = PBXFileReference; fileEncoding = 4; lastKnownFileType = sourcecode.c.h; name = FacebookModule.h; path = Classes/FacebookModule.h; sourceTree = "<group>"; };
		1D1C728C1640B94900CD65BA /* FacebookModule.m */ = {isa = PBXFileReference; fileEncoding = 4; lastKnownFileType = sourcecode.c.objc; name = FacebookModule.m; path = Classes/FacebookModule.m; sourceTree = "<group>"; };
		1D1C728F1640B95D00CD65BA /* TiFacebookDialogRequest.h */ = {isa = PBXFileReference; fileEncoding = 4; lastKnownFileType = sourcecode.c.h; name = TiFacebookDialogRequest.h; path = Classes/TiFacebookDialogRequest.h; sourceTree = "<group>"; };
		1D1C72901640B95D00CD65BA /* TiFacebookDialogRequest.m */ = {isa = PBXFileReference; fileEncoding = 4; lastKnownFileType = sourcecode.c.objc; name = TiFacebookDialogRequest.m; path = Classes/TiFacebookDialogRequest.m; sourceTree = "<group>"; };
		1D1C72911640B95D00CD65BA /* TiFacebookLoginButton.h */ = {isa = PBXFileReference; fileEncoding = 4; lastKnownFileType = sourcecode.c.h; name = TiFacebookLoginButton.h; path = Classes/TiFacebookLoginButton.h; sourceTree = "<group>"; };
		1D1C72921640B95D00CD65BA /* TiFacebookLoginButton.m */ = {isa = PBXFileReference; fileEncoding = 4; lastKnownFileType = sourcecode.c.objc; name = TiFacebookLoginButton.m; path = Classes/TiFacebookLoginButton.m; sourceTree = "<group>"; };
		1D1C72931640B95D00CD65BA /* TiFacebookLoginButtonProxy.h */ = {isa = PBXFileReference; fileEncoding = 4; lastKnownFileType = sourcecode.c.h; name = TiFacebookLoginButtonProxy.h; path = Classes/TiFacebookLoginButtonProxy.h; sourceTree = "<group>"; };
		1D1C72941640B95D00CD65BA /* TiFacebookLoginButtonProxy.m */ = {isa = PBXFileReference; fileEncoding = 4; lastKnownFileType = sourcecode.c.objc; name = TiFacebookLoginButtonProxy.m; path = Classes/TiFacebookLoginButtonProxy.m; sourceTree = "<group>"; };
		1D1C72951640B95D00CD65BA /* TiFacebookRequest.h */ = {isa = PBXFileReference; fileEncoding = 4; lastKnownFileType = sourcecode.c.h; name = TiFacebookRequest.h; path = Classes/TiFacebookRequest.h; sourceTree = "<group>"; };
		1D1C72961640B95D00CD65BA /* TiFacebookRequest.m */ = {isa = PBXFileReference; fileEncoding = 4; lastKnownFileType = sourcecode.c.objc; name = TiFacebookRequest.m; path = Classes/TiFacebookRequest.m; sourceTree = "<group>"; };
		1D1C72A01640B97200CD65BA /* Facebook.h */ = {isa = PBXFileReference; fileEncoding = 4; lastKnownFileType = sourcecode.c.h; name = Facebook.h; path = Classes/FBConnect/Facebook.h; sourceTree = "<group>"; };
		1D1C72A11640B97200CD65BA /* Facebook.m */ = {isa = PBXFileReference; fileEncoding = 4; lastKnownFileType = sourcecode.c.objc; name = Facebook.m; path = Classes/FBConnect/Facebook.m; sourceTree = "<group>"; };
		1D1C72A21640B97200CD65BA /* FacebookSDK.h */ = {isa = PBXFileReference; fileEncoding = 4; lastKnownFileType = sourcecode.c.h; name = FacebookSDK.h; path = Classes/FBConnect/FacebookSDK.h; sourceTree = "<group>"; };
		1D1C72A41640B97200CD65BA /* FBCacheDescriptor.h */ = {isa = PBXFileReference; fileEncoding = 4; lastKnownFileType = sourcecode.c.h; name = FBCacheDescriptor.h; path = Classes/FBConnect/FBCacheDescriptor.h; sourceTree = "<group>"; };
		1D1C72A51640B97200CD65BA /* FBCacheDescriptor.m */ = {isa = PBXFileReference; fileEncoding = 4; lastKnownFileType = sourcecode.c.objc; name = FBCacheDescriptor.m; path = Classes/FBConnect/FBCacheDescriptor.m; sourceTree = "<group>"; };
		1D1C72A61640B97200CD65BA /* FBCacheIndex.h */ = {isa = PBXFileReference; fileEncoding = 4; lastKnownFileType = sourcecode.c.h; name = FBCacheIndex.h; path = Classes/FBConnect/FBCacheIndex.h; sourceTree = "<group>"; };
		1D1C72A71640B97200CD65BA /* FBCacheIndex.m */ = {isa = PBXFileReference; fileEncoding = 4; lastKnownFileType = sourcecode.c.objc; name = FBCacheIndex.m; path = Classes/FBConnect/FBCacheIndex.m; sourceTree = "<group>"; };
		1D1C72A81640B97200CD65BA /* FBConnect.h */ = {isa = PBXFileReference; fileEncoding = 4; lastKnownFileType = sourcecode.c.h; name = FBConnect.h; path = Classes/FBConnect/FBConnect.h; sourceTree = "<group>"; };
		1D1C72A91640B97200CD65BA /* FBContentLink.h */ = {isa = PBXFileReference; fileEncoding = 4; lastKnownFileType = sourcecode.c.h; name = FBContentLink.h; path = Classes/FBConnect/FBContentLink.h; sourceTree = "<group>"; };
		1D1C72AA1640B97200CD65BA /* FBContentLink.m */ = {isa = PBXFileReference; fileEncoding = 4; lastKnownFileType = sourcecode.c.objc; name = FBContentLink.m; path = Classes/FBConnect/FBContentLink.m; sourceTree = "<group>"; };
		1D1C72AB1640B97200CD65BA /* FBDataDiskCache.h */ = {isa = PBXFileReference; fileEncoding = 4; lastKnownFileType = sourcecode.c.h; name = FBDataDiskCache.h; path = Classes/FBConnect/FBDataDiskCache.h; sourceTree = "<group>"; };
		1D1C72AC1640B97200CD65BA /* FBDataDiskCache.m */ = {isa = PBXFileReference; fileEncoding = 4; lastKnownFileType = sourcecode.c.objc; name = FBDataDiskCache.m; path = Classes/FBConnect/FBDataDiskCache.m; sourceTree = "<group>"; };
		1D1C72AD1640B97200CD65BA /* FBDialog.h */ = {isa = PBXFileReference; fileEncoding = 4; lastKnownFileType = sourcecode.c.h; name = FBDialog.h; path = Classes/FBConnect/FBDialog.h; sourceTree = "<group>"; };
		1D1C72AE1640B97200CD65BA /* FBDialog.m */ = {isa = PBXFileReference; fileEncoding = 4; lastKnownFileType = sourcecode.c.objc; name = FBDialog.m; path = Classes/FBConnect/FBDialog.m; sourceTree = "<group>"; };
		1D1C72AF1640B97200CD65BA /* FBError.h */ = {isa = PBXFileReference; fileEncoding = 4; lastKnownFileType = sourcecode.c.h; name = FBError.h; path = Classes/FBConnect/FBError.h; sourceTree = "<group>"; };
		1D1C72B01640B97200CD65BA /* FBError.m */ = {isa = PBXFileReference; fileEncoding = 4; lastKnownFileType = sourcecode.c.objc; name = FBError.m; path = Classes/FBConnect/FBError.m; sourceTree = "<group>"; };
		1D1C72B11640B97200CD65BA /* FBFrictionlessRequestSettings.h */ = {isa = PBXFileReference; fileEncoding = 4; lastKnownFileType = sourcecode.c.h; name = FBFrictionlessRequestSettings.h; path = Classes/FBConnect/FBFrictionlessRequestSettings.h; sourceTree = "<group>"; };
		1D1C72B21640B97200CD65BA /* FBFrictionlessRequestSettings.m */ = {isa = PBXFileReference; fileEncoding = 4; lastKnownFileType = sourcecode.c.objc; name = FBFrictionlessRequestSettings.m; path = Classes/FBConnect/FBFrictionlessRequestSettings.m; sourceTree = "<group>"; };
		1D1C72B31640B97200CD65BA /* FBFriendPickerCacheDescriptor.h */ = {isa = PBXFileReference; fileEncoding = 4; lastKnownFileType = sourcecode.c.h; name = FBFriendPickerCacheDescriptor.h; path = Classes/FBConnect/FBFriendPickerCacheDescriptor.h; sourceTree = "<group>"; };
		1D1C72B41640B97200CD65BA /* FBFriendPickerCacheDescriptor.m */ = {isa = PBXFileReference; fileEncoding = 4; lastKnownFileType = sourcecode.c.objc; name = FBFriendPickerCacheDescriptor.m; path = Classes/FBConnect/FBFriendPickerCacheDescriptor.m; sourceTree = "<group>"; };
		1D1C72B51640B97200CD65BA /* FBFriendPickerViewController.h */ = {isa = PBXFileReference; fileEncoding = 4; lastKnownFileType = sourcecode.c.h; name = FBFriendPickerViewController.h; path = Classes/FBConnect/FBFriendPickerViewController.h; sourceTree = "<group>"; };
		1D1C72B61640B97200CD65BA /* FBFriendPickerViewController.m */ = {isa = PBXFileReference; fileEncoding = 4; lastKnownFileType = sourcecode.c.objc; name = FBFriendPickerViewController.m; path = Classes/FBConnect/FBFriendPickerViewController.m; sourceTree = "<group>"; };
		1D1C72B71640B97200CD65BA /* FBFriendPickerViewController+Internal.h */ = {isa = PBXFileReference; fileEncoding = 4; lastKnownFileType = sourcecode.c.h; name = "FBFriendPickerViewController+Internal.h"; path = "Classes/FBConnect/FBFriendPickerViewController+Internal.h"; sourceTree = "<group>"; };
		1D1C72B81640B97200CD65BA /* FBGraphLocation.h */ = {isa = PBXFileReference; fileEncoding = 4; lastKnownFileType = sourcecode.c.h; name = FBGraphLocation.h; path = Classes/FBConnect/FBGraphLocation.h; sourceTree = "<group>"; };
		1D1C72B91640B97200CD65BA /* FBGraphObject.h */ = {isa = PBXFileReference; fileEncoding = 4; lastKnownFileType = sourcecode.c.h; name = FBGraphObject.h; path = Classes/FBConnect/FBGraphObject.h; sourceTree = "<group>"; };
		1D1C72BA1640B97200CD65BA /* FBGraphObject.m */ = {isa = PBXFileReference; fileEncoding = 4; lastKnownFileType = sourcecode.c.objc; name = FBGraphObject.m; path = Classes/FBConnect/FBGraphObject.m; sourceTree = "<group>"; };
		1D1C72BB1640B97200CD65BA /* FBGraphObjectPagingLoader.h */ = {isa = PBXFileReference; fileEncoding = 4; lastKnownFileType = sourcecode.c.h; name = FBGraphObjectPagingLoader.h; path = Classes/FBConnect/FBGraphObjectPagingLoader.h; sourceTree = "<group>"; };
		1D1C72BC1640B97200CD65BA /* FBGraphObjectPagingLoader.m */ = {isa = PBXFileReference; fileEncoding = 4; lastKnownFileType = sourcecode.c.objc; name = FBGraphObjectPagingLoader.m; path = Classes/FBConnect/FBGraphObjectPagingLoader.m; sourceTree = "<group>"; };
		1D1C72BD1640B97200CD65BA /* FBGraphObjectTableCell.h */ = {isa = PBXFileReference; fileEncoding = 4; lastKnownFileType = sourcecode.c.h; name = FBGraphObjectTableCell.h; path = Classes/FBConnect/FBGraphObjectTableCell.h; sourceTree = "<group>"; };
		1D1C72BE1640B97200CD65BA /* FBGraphObjectTableCell.m */ = {isa = PBXFileReference; fileEncoding = 4; lastKnownFileType = sourcecode.c.objc; name = FBGraphObjectTableCell.m; path = Classes/FBConnect/FBGraphObjectTableCell.m; sourceTree = "<group>"; };
		1D1C72BF1640B97200CD65BA /* FBGraphObjectTableDataSource.h */ = {isa = PBXFileReference; fileEncoding = 4; lastKnownFileType = sourcecode.c.h; name = FBGraphObjectTableDataSource.h; path = Classes/FBConnect/FBGraphObjectTableDataSource.h; sourceTree = "<group>"; };
		1D1C72C01640B97200CD65BA /* FBGraphObjectTableDataSource.m */ = {isa = PBXFileReference; fileEncoding = 4; lastKnownFileType = sourcecode.c.objc; name = FBGraphObjectTableDataSource.m; path = Classes/FBConnect/FBGraphObjectTableDataSource.m; sourceTree = "<group>"; };
		1D1C72C11640B97200CD65BA /* FBGraphObjectTableSelection.h */ = {isa = PBXFileReference; fileEncoding = 4; lastKnownFileType = sourcecode.c.h; name = FBGraphObjectTableSelection.h; path = Classes/FBConnect/FBGraphObjectTableSelection.h; sourceTree = "<group>"; };
		1D1C72C21640B97200CD65BA /* FBGraphObjectTableSelection.m */ = {isa = PBXFileReference; fileEncoding = 4; lastKnownFileType = sourcecode.c.objc; name = FBGraphObjectTableSelection.m; path = Classes/FBConnect/FBGraphObjectTableSelection.m; sourceTree = "<group>"; };
		1D1C72C31640B97200CD65BA /* FBGraphPlace.h */ = {isa = PBXFileReference; fileEncoding = 4; lastKnownFileType = sourcecode.c.h; name = FBGraphPlace.h; path = Classes/FBConnect/FBGraphPlace.h; sourceTree = "<group>"; };
		1D1C72C41640B97200CD65BA /* FBGraphUser.h */ = {isa = PBXFileReference; fileEncoding = 4; lastKnownFileType = sourcecode.c.h; name = FBGraphUser.h; path = Classes/FBConnect/FBGraphUser.h; sourceTree = "<group>"; };
		1D1C72C51640B97200CD65BA /* FBLogger.h */ = {isa = PBXFileReference; fileEncoding = 4; lastKnownFileType = sourcecode.c.h; name = FBLogger.h; path = Classes/FBConnect/FBLogger.h; sourceTree = "<group>"; };
		1D1C72C61640B97200CD65BA /* FBLogger.m */ = {isa = PBXFileReference; fileEncoding = 4; lastKnownFileType = sourcecode.c.objc; name = FBLogger.m; path = Classes/FBConnect/FBLogger.m; sourceTree = "<group>"; };
		1D1C72C71640B97200CD65BA /* FBLoginButton.h */ = {isa = PBXFileReference; fileEncoding = 4; lastKnownFileType = sourcecode.c.h; name = FBLoginButton.h; path = Classes/FBConnect/FBLoginButton.h; sourceTree = "<group>"; };
		1D1C72C81640B97200CD65BA /* FBLoginButton.m */ = {isa = PBXFileReference; fileEncoding = 4; lastKnownFileType = sourcecode.c.objc; name = FBLoginButton.m; path = Classes/FBConnect/FBLoginButton.m; sourceTree = "<group>"; };
		1D1C72C91640B97200CD65BA /* FBLoginDialog.h */ = {isa = PBXFileReference; fileEncoding = 4; lastKnownFileType = sourcecode.c.h; name = FBLoginDialog.h; path = Classes/FBConnect/FBLoginDialog.h; sourceTree = "<group>"; };
		1D1C72CA1640B97200CD65BA /* FBLoginDialog.m */ = {isa = PBXFileReference; fileEncoding = 4; lastKnownFileType = sourcecode.c.objc; name = FBLoginDialog.m; path = Classes/FBConnect/FBLoginDialog.m; sourceTree = "<group>"; };
		1D1C72CB1640B97200CD65BA /* FBLoginView.h */ = {isa = PBXFileReference; fileEncoding = 4; lastKnownFileType = sourcecode.c.h; name = FBLoginView.h; path = Classes/FBConnect/FBLoginView.h; sourceTree = "<group>"; };
		1D1C72CC1640B97200CD65BA /* FBLoginView.m */ = {isa = PBXFileReference; fileEncoding = 4; lastKnownFileType = sourcecode.c.objc; name = FBLoginView.m; path = Classes/FBConnect/FBLoginView.m; sourceTree = "<group>"; };
		1D1C72CD1640B97200CD65BA /* FBNativeDialogs.h */ = {isa = PBXFileReference; fileEncoding = 4; lastKnownFileType = sourcecode.c.h; name = FBNativeDialogs.h; path = Classes/FBConnect/FBNativeDialogs.h; sourceTree = "<group>"; };
		1D1C72CE1640B97200CD65BA /* FBNativeDialogs.m */ = {isa = PBXFileReference; fileEncoding = 4; lastKnownFileType = sourcecode.c.objc; name = FBNativeDialogs.m; path = Classes/FBConnect/FBNativeDialogs.m; sourceTree = "<group>"; };
		1D1C72CF1640B97200CD65BA /* FBOpenGraphAction.h */ = {isa = PBXFileReference; fileEncoding = 4; lastKnownFileType = sourcecode.c.h; name = FBOpenGraphAction.h; path = Classes/FBConnect/FBOpenGraphAction.h; sourceTree = "<group>"; };
		1D1C72D01640B97200CD65BA /* FBPlacePickerCacheDescriptor.h */ = {isa = PBXFileReference; fileEncoding = 4; lastKnownFileType = sourcecode.c.h; name = FBPlacePickerCacheDescriptor.h; path = Classes/FBConnect/FBPlacePickerCacheDescriptor.h; sourceTree = "<group>"; };
		1D1C72D11640B97200CD65BA /* FBPlacePickerCacheDescriptor.m */ = {isa = PBXFileReference; fileEncoding = 4; lastKnownFileType = sourcecode.c.objc; name = FBPlacePickerCacheDescriptor.m; path = Classes/FBConnect/FBPlacePickerCacheDescriptor.m; sourceTree = "<group>"; };
		1D1C72D21640B97200CD65BA /* FBPlacePickerViewController.h */ = {isa = PBXFileReference; fileEncoding = 4; lastKnownFileType = sourcecode.c.h; name = FBPlacePickerViewController.h; path = Classes/FBConnect/FBPlacePickerViewController.h; sourceTree = "<group>"; };
		1D1C72D31640B97200CD65BA /* FBPlacePickerViewController.m */ = {isa = PBXFileReference; fileEncoding = 4; lastKnownFileType = sourcecode.c.objc; name = FBPlacePickerViewController.m; path = Classes/FBConnect/FBPlacePickerViewController.m; sourceTree = "<group>"; };
		1D1C72D41640B97200CD65BA /* FBPlacePickerViewController+Internal.h */ = {isa = PBXFileReference; fileEncoding = 4; lastKnownFileType = sourcecode.c.h; name = "FBPlacePickerViewController+Internal.h"; path = "Classes/FBConnect/FBPlacePickerViewController+Internal.h"; sourceTree = "<group>"; };
		1D1C72D51640B97200CD65BA /* FBProfilePictureView.h */ = {isa = PBXFileReference; fileEncoding = 4; lastKnownFileType = sourcecode.c.h; name = FBProfilePictureView.h; path = Classes/FBConnect/FBProfilePictureView.h; sourceTree = "<group>"; };
		1D1C72D61640B97200CD65BA /* FBProfilePictureView.m */ = {isa = PBXFileReference; fileEncoding = 4; lastKnownFileType = sourcecode.c.objc; name = FBProfilePictureView.m; path = Classes/FBConnect/FBProfilePictureView.m; sourceTree = "<group>"; };
		1D1C72D71640B97200CD65BA /* FBRequest.h */ = {isa = PBXFileReference; fileEncoding = 4; lastKnownFileType = sourcecode.c.h; name = FBRequest.h; path = Classes/FBConnect/FBRequest.h; sourceTree = "<group>"; };
		1D1C72D81640B97200CD65BA /* FBRequest.m */ = {isa = PBXFileReference; fileEncoding = 4; lastKnownFileType = sourcecode.c.objc; name = FBRequest.m; path = Classes/FBConnect/FBRequest.m; sourceTree = "<group>"; };
		1D1C72D91640B97200CD65BA /* FBRequestBody.h */ = {isa = PBXFileReference; fileEncoding = 4; lastKnownFileType = sourcecode.c.h; name = FBRequestBody.h; path = Classes/FBConnect/FBRequestBody.h; sourceTree = "<group>"; };
		1D1C72DA1640B97200CD65BA /* FBRequestBody.m */ = {isa = PBXFileReference; fileEncoding = 4; lastKnownFileType = sourcecode.c.objc; name = FBRequestBody.m; path = Classes/FBConnect/FBRequestBody.m; sourceTree = "<group>"; };
		1D1C72DB1640B97200CD65BA /* FBRequestConnection.h */ = {isa = PBXFileReference; fileEncoding = 4; lastKnownFileType = sourcecode.c.h; name = FBRequestConnection.h; path = Classes/FBConnect/FBRequestConnection.h; sourceTree = "<group>"; };
		1D1C72DC1640B97200CD65BA /* FBRequestConnection.m */ = {isa = PBXFileReference; fileEncoding = 4; lastKnownFileType = sourcecode.c.objc; name = FBRequestConnection.m; path = Classes/FBConnect/FBRequestConnection.m; sourceTree = "<group>"; };
		1D1C72DD1640B97200CD65BA /* FBRequestConnection+Internal.h */ = {isa = PBXFileReference; fileEncoding = 4; lastKnownFileType = sourcecode.c.h; name = "FBRequestConnection+Internal.h"; path = "Classes/FBConnect/FBRequestConnection+Internal.h"; sourceTree = "<group>"; };
		1D1C72DE1640B97200CD65BA /* FBSDKVersion.h */ = {isa = PBXFileReference; fileEncoding = 4; lastKnownFileType = sourcecode.c.h; name = FBSDKVersion.h; path = Classes/FBConnect/FBSDKVersion.h; sourceTree = "<group>"; };
		1D1C72DF1640B97200CD65BA /* FBSession.h */ = {isa = PBXFileReference; fileEncoding = 4; lastKnownFileType = sourcecode.c.h; name = FBSession.h; path = Classes/FBConnect/FBSession.h; sourceTree = "<group>"; };
		1D1C72E01640B97200CD65BA /* FBSession.m */ = {isa = PBXFileReference; fileEncoding = 4; lastKnownFileType = sourcecode.c.objc; name = FBSession.m; path = Classes/FBConnect/FBSession.m; sourceTree = "<group>"; };
		1D1C72E11640B97200CD65BA /* FBSession+Internal.h */ = {isa = PBXFileReference; fileEncoding = 4; lastKnownFileType = sourcecode.c.h; name = "FBSession+Internal.h"; path = "Classes/FBConnect/FBSession+Internal.h"; sourceTree = "<group>"; };
		1D1C72E21640B97200CD65BA /* FBSession+Protected.h */ = {isa = PBXFileReference; fileEncoding = 4; lastKnownFileType = sourcecode.c.h; name = "FBSession+Protected.h"; path = "Classes/FBConnect/FBSession+Protected.h"; sourceTree = "<group>"; };
		1D1C72E31640B97200CD65BA /* FBSessionManualTokenCachingStrategy.h */ = {isa = PBXFileReference; fileEncoding = 4; lastKnownFileType = sourcecode.c.h; name = FBSessionManualTokenCachingStrategy.h; path = Classes/FBConnect/FBSessionManualTokenCachingStrategy.h; sourceTree = "<group>"; };
		1D1C72E41640B97200CD65BA /* FBSessionManualTokenCachingStrategy.m */ = {isa = PBXFileReference; fileEncoding = 4; lastKnownFileType = sourcecode.c.objc; name = FBSessionManualTokenCachingStrategy.m; path = Classes/FBConnect/FBSessionManualTokenCachingStrategy.m; sourceTree = "<group>"; };
		1D1C72E51640B97300CD65BA /* FBSessionTokenCachingStrategy.h */ = {isa = PBXFileReference; fileEncoding = 4; lastKnownFileType = sourcecode.c.h; name = FBSessionTokenCachingStrategy.h; path = Classes/FBConnect/FBSessionTokenCachingStrategy.h; sourceTree = "<group>"; };
		1D1C72E61640B97300CD65BA /* FBSessionTokenCachingStrategy.m */ = {isa = PBXFileReference; fileEncoding = 4; lastKnownFileType = sourcecode.c.objc; name = FBSessionTokenCachingStrategy.m; path = Classes/FBConnect/FBSessionTokenCachingStrategy.m; sourceTree = "<group>"; };
		1D1C72E71640B97300CD65BA /* FBSettings.h */ = {isa = PBXFileReference; fileEncoding = 4; lastKnownFileType = sourcecode.c.h; name = FBSettings.h; path = Classes/FBConnect/FBSettings.h; sourceTree = "<group>"; };
		1D1C72E81640B97300CD65BA /* FBSettings.m */ = {isa = PBXFileReference; fileEncoding = 4; lastKnownFileType = sourcecode.c.objc; name = FBSettings.m; path = Classes/FBConnect/FBSettings.m; sourceTree = "<group>"; };
		1D1C72E91640B97300CD65BA /* FBSettings+Internal.h */ = {isa = PBXFileReference; fileEncoding = 4; lastKnownFileType = sourcecode.c.h; name = "FBSettings+Internal.h"; path = "Classes/FBConnect/FBSettings+Internal.h"; sourceTree = "<group>"; };
		1D1C72EA1640B97300CD65BA /* FBTestSession.h */ = {isa = PBXFileReference; fileEncoding = 4; lastKnownFileType = sourcecode.c.h; name = FBTestSession.h; path = Classes/FBConnect/FBTestSession.h; sourceTree = "<group>"; };
		1D1C72EB1640B97300CD65BA /* FBTestSession.m */ = {isa = PBXFileReference; fileEncoding = 4; lastKnownFileType = sourcecode.c.objc; name = FBTestSession.m; path = Classes/FBConnect/FBTestSession.m; sourceTree = "<group>"; };
		1D1C72EC1640B97300CD65BA /* FBTestSession+Internal.h */ = {isa = PBXFileReference; fileEncoding = 4; lastKnownFileType = sourcecode.c.h; name = "FBTestSession+Internal.h"; path = "Classes/FBConnect/FBTestSession+Internal.h"; sourceTree = "<group>"; };
		1D1C72ED1640B97300CD65BA /* FBURLConnection.h */ = {isa = PBXFileReference; fileEncoding = 4; lastKnownFileType = sourcecode.c.h; name = FBURLConnection.h; path = Classes/FBConnect/FBURLConnection.h; sourceTree = "<group>"; };
		1D1C72EE1640B97300CD65BA /* FBURLConnection.m */ = {isa = PBXFileReference; fileEncoding = 4; lastKnownFileType = sourcecode.c.objc; name = FBURLConnection.m; path = Classes/FBConnect/FBURLConnection.m; sourceTree = "<group>"; };
		1D1C72EF1640B97300CD65BA /* FBUserSettingsViewController.h */ = {isa = PBXFileReference; fileEncoding = 4; lastKnownFileType = sourcecode.c.h; name = FBUserSettingsViewController.h; path = Classes/FBConnect/FBUserSettingsViewController.h; sourceTree = "<group>"; };
		1D1C72F01640B97300CD65BA /* FBUserSettingsViewController.m */ = {isa = PBXFileReference; fileEncoding = 4; lastKnownFileType = sourcecode.c.objc; name = FBUserSettingsViewController.m; path = Classes/FBConnect/FBUserSettingsViewController.m; sourceTree = "<group>"; };
		1D1C72F21640B97300CD65BA /* FBUtility.h */ = {isa = PBXFileReference; fileEncoding = 4; lastKnownFileType = sourcecode.c.h; name = FBUtility.h; path = Classes/FBConnect/FBUtility.h; sourceTree = "<group>"; };
		1D1C72F31640B97300CD65BA /* FBUtility.m */ = {isa = PBXFileReference; fileEncoding = 4; lastKnownFileType = sourcecode.c.objc; name = FBUtility.m; path = Classes/FBConnect/FBUtility.m; sourceTree = "<group>"; };
		1D1C72F41640B97300CD65BA /* FBViewController.h */ = {isa = PBXFileReference; fileEncoding = 4; lastKnownFileType = sourcecode.c.h; name = FBViewController.h; path = Classes/FBConnect/FBViewController.h; sourceTree = "<group>"; };
		1D1C72F51640B97300CD65BA /* FBViewController.m */ = {isa = PBXFileReference; fileEncoding = 4; lastKnownFileType = sourcecode.c.objc; name = FBViewController.m; path = Classes/FBConnect/FBViewController.m; sourceTree = "<group>"; };
		1D1C72F61640B97300CD65BA /* FBViewController+Internal.h */ = {isa = PBXFileReference; fileEncoding = 4; lastKnownFileType = sourcecode.c.h; name = "FBViewController+Internal.h"; path = "Classes/FBConnect/FBViewController+Internal.h"; sourceTree = "<group>"; };
		1D1C72F81640B97300CD65BA /* FBSBJSON.h */ = {isa = PBXFileReference; fileEncoding = 4; lastKnownFileType = sourcecode.c.h; path = FBSBJSON.h; sourceTree = "<group>"; };
		1D1C72F91640B97300CD65BA /* FBSBJSON.m */ = {isa = PBXFileReference; fileEncoding = 4; lastKnownFileType = sourcecode.c.objc; path = FBSBJSON.m; sourceTree = "<group>"; };
		1D1C72FA1640B97300CD65BA /* FBSBJsonBase.h */ = {isa = PBXFileReference; fileEncoding = 4; lastKnownFileType = sourcecode.c.h; path = FBSBJsonBase.h; sourceTree = "<group>"; };
		1D1C72FB1640B97300CD65BA /* FBSBJsonBase.m */ = {isa = PBXFileReference; fileEncoding = 4; lastKnownFileType = sourcecode.c.objc; path = FBSBJsonBase.m; sourceTree = "<group>"; };
		1D1C72FC1640B97300CD65BA /* FBSBJsonParser.h */ = {isa = PBXFileReference; fileEncoding = 4; lastKnownFileType = sourcecode.c.h; path = FBSBJsonParser.h; sourceTree = "<group>"; };
		1D1C72FD1640B97300CD65BA /* FBSBJsonParser.m */ = {isa = PBXFileReference; fileEncoding = 4; lastKnownFileType = sourcecode.c.objc; path = FBSBJsonParser.m; sourceTree = "<group>"; };
		1D1C72FE1640B97300CD65BA /* FBSBJsonWriter.h */ = {isa = PBXFileReference; fileEncoding = 4; lastKnownFileType = sourcecode.c.h; path = FBSBJsonWriter.h; sourceTree = "<group>"; };
		1D1C72FF1640B97300CD65BA /* FBSBJsonWriter.m */ = {isa = PBXFileReference; fileEncoding = 4; lastKnownFileType = sourcecode.c.objc; path = FBSBJsonWriter.m; sourceTree = "<group>"; };
		1D1C735E1640BC8100CD65BA /* AdSupport.framework */ = {isa = PBXFileReference; lastKnownFileType = wrapper.framework; name = AdSupport.framework; path = System/Library/Frameworks/AdSupport.framework; sourceTree = SDKROOT; };
		1D1C735F1640BC8100CD65BA /* Accounts.framework */ = {isa = PBXFileReference; lastKnownFileType = wrapper.framework; name = Accounts.framework; path = System/Library/Frameworks/Accounts.framework; sourceTree = SDKROOT; };
		1D1C73601640BC8100CD65BA /* Social.framework */ = {isa = PBXFileReference; lastKnownFileType = wrapper.framework; name = Social.framework; path = System/Library/Frameworks/Social.framework; sourceTree = SDKROOT; };
		24DD6D1B1134B66800162E58 /* titanium.xcconfig */ = {isa = PBXFileReference; fileEncoding = 4; lastKnownFileType = text.xcconfig; path = titanium.xcconfig; sourceTree = "<group>"; };
		24DE9E0F11C5FE74003F90F6 /* FacebookModuleAssets.h */ = {isa = PBXFileReference; fileEncoding = 4; lastKnownFileType = sourcecode.c.h; name = FacebookModuleAssets.h; path = Classes/FacebookModuleAssets.h; sourceTree = "<group>"; };
		24DE9E1011C5FE74003F90F6 /* FacebookModuleAssets.m */ = {isa = PBXFileReference; fileEncoding = 4; lastKnownFileType = sourcecode.c.objc; name = FacebookModuleAssets.m; path = Classes/FacebookModuleAssets.m; sourceTree = "<group>"; };
		AA747D9E0F9514B9006C5449 /* Facebook_Prefix.pch */ = {isa = PBXFileReference; fileEncoding = 4; lastKnownFileType = sourcecode.c.h; path = Facebook_Prefix.pch; sourceTree = SOURCE_ROOT; };
		AACBBE490F95108600F1A2B1 /* Foundation.framework */ = {isa = PBXFileReference; lastKnownFileType = wrapper.framework; name = Foundation.framework; path = System/Library/Frameworks/Foundation.framework; sourceTree = SDKROOT; };
		D2AAC07E0554694100DB518D /* libFacebook.a */ = {isa = PBXFileReference; explicitFileType = archive.ar; includeInIndex = 0; path = libFacebook.a; sourceTree = BUILT_PRODUCTS_DIR; };
/* End PBXFileReference section */

/* Begin PBXFrameworksBuildPhase section */
		D2AAC07C0554694100DB518D /* Frameworks */ = {
			isa = PBXFrameworksBuildPhase;
			buildActionMask = 2147483647;
			files = (
				AACBBE4A0F95108600F1A2B1 /* Foundation.framework in Frameworks */,
				1D1C73611640BC8100CD65BA /* AdSupport.framework in Frameworks */,
				1D1C73621640BC8100CD65BA /* Accounts.framework in Frameworks */,
				1D1C73631640BC8100CD65BA /* Social.framework in Frameworks */,
			);
			runOnlyForDeploymentPostprocessing = 0;
		};
/* End PBXFrameworksBuildPhase section */

/* Begin PBXGroup section */
		034768DFFF38A50411DB9C8B /* Products */ = {
			isa = PBXGroup;
			children = (
				D2AAC07E0554694100DB518D /* libFacebook.a */,
			);
			name = Products;
			sourceTree = "<group>";
		};
		0867D691FE84028FC02AAC07 /* facebook */ = {
			isa = PBXGroup;
			children = (
				08FB77AEFE84172EC02AAC07 /* Classes */,
				32C88DFF0371C24200C91783 /* Other Sources */,
				0867D69AFE84028FC02AAC07 /* Frameworks */,
				034768DFFF38A50411DB9C8B /* Products */,
			);
			name = facebook;
			sourceTree = "<group>";
		};
		0867D69AFE84028FC02AAC07 /* Frameworks */ = {
			isa = PBXGroup;
			children = (
				1D1C735E1640BC8100CD65BA /* AdSupport.framework */,
				1D1C735F1640BC8100CD65BA /* Accounts.framework */,
				1D1C73601640BC8100CD65BA /* Social.framework */,
				AACBBE490F95108600F1A2B1 /* Foundation.framework */,
			);
			name = Frameworks;
			sourceTree = "<group>";
		};
		08FB77AEFE84172EC02AAC07 /* Classes */ = {
			isa = PBXGroup;
			children = (
				1D1C728A1640B87700CD65BA /* FBConnect */,
				1D1C728B1640B94900CD65BA /* FacebookModule.h */,
				1D1C728C1640B94900CD65BA /* FacebookModule.m */,
				24DE9E0F11C5FE74003F90F6 /* FacebookModuleAssets.h */,
				24DE9E1011C5FE74003F90F6 /* FacebookModuleAssets.m */,
				1D1C728F1640B95D00CD65BA /* TiFacebookDialogRequest.h */,
				1D1C72901640B95D00CD65BA /* TiFacebookDialogRequest.m */,
				1D1C72911640B95D00CD65BA /* TiFacebookLoginButton.h */,
				1D1C72921640B95D00CD65BA /* TiFacebookLoginButton.m */,
				1D1C72931640B95D00CD65BA /* TiFacebookLoginButtonProxy.h */,
				1D1C72941640B95D00CD65BA /* TiFacebookLoginButtonProxy.m */,
				1D1C72951640B95D00CD65BA /* TiFacebookRequest.h */,
				1D1C72961640B95D00CD65BA /* TiFacebookRequest.m */,
			);
			name = Classes;
			sourceTree = "<group>";
		};
		1D1C728A1640B87700CD65BA /* FBConnect */ = {
			isa = PBXGroup;
			children = (
				1D1C72A01640B97200CD65BA /* Facebook.h */,
				1D1C72A11640B97200CD65BA /* Facebook.m */,
				1D1C72A21640B97200CD65BA /* FacebookSDK.h */,
				1D1C72A41640B97200CD65BA /* FBCacheDescriptor.h */,
				1D1C72A51640B97200CD65BA /* FBCacheDescriptor.m */,
				1D1C72A61640B97200CD65BA /* FBCacheIndex.h */,
				1D1C72A71640B97200CD65BA /* FBCacheIndex.m */,
				1D1C72A81640B97200CD65BA /* FBConnect.h */,
				1D1C72A91640B97200CD65BA /* FBContentLink.h */,
				1D1C72AA1640B97200CD65BA /* FBContentLink.m */,
				1D1C72AB1640B97200CD65BA /* FBDataDiskCache.h */,
				1D1C72AC1640B97200CD65BA /* FBDataDiskCache.m */,
				1D1C72AD1640B97200CD65BA /* FBDialog.h */,
				1D1C72AE1640B97200CD65BA /* FBDialog.m */,
				1D1C72AF1640B97200CD65BA /* FBError.h */,
				1D1C72B01640B97200CD65BA /* FBError.m */,
				1D1C72B11640B97200CD65BA /* FBFrictionlessRequestSettings.h */,
				1D1C72B21640B97200CD65BA /* FBFrictionlessRequestSettings.m */,
				1D1C72B31640B97200CD65BA /* FBFriendPickerCacheDescriptor.h */,
				1D1C72B41640B97200CD65BA /* FBFriendPickerCacheDescriptor.m */,
				1D1C72B51640B97200CD65BA /* FBFriendPickerViewController.h */,
				1D1C72B61640B97200CD65BA /* FBFriendPickerViewController.m */,
				1D1C72B71640B97200CD65BA /* FBFriendPickerViewController+Internal.h */,
				1D1C72B81640B97200CD65BA /* FBGraphLocation.h */,
				1D1C72B91640B97200CD65BA /* FBGraphObject.h */,
				1D1C72BA1640B97200CD65BA /* FBGraphObject.m */,
				1D1C72BB1640B97200CD65BA /* FBGraphObjectPagingLoader.h */,
				1D1C72BC1640B97200CD65BA /* FBGraphObjectPagingLoader.m */,
				1D1C72BD1640B97200CD65BA /* FBGraphObjectTableCell.h */,
				1D1C72BE1640B97200CD65BA /* FBGraphObjectTableCell.m */,
				1D1C72BF1640B97200CD65BA /* FBGraphObjectTableDataSource.h */,
				1D1C72C01640B97200CD65BA /* FBGraphObjectTableDataSource.m */,
				1D1C72C11640B97200CD65BA /* FBGraphObjectTableSelection.h */,
				1D1C72C21640B97200CD65BA /* FBGraphObjectTableSelection.m */,
				1D1C72C31640B97200CD65BA /* FBGraphPlace.h */,
				1D1C72C41640B97200CD65BA /* FBGraphUser.h */,
				1D1C72C51640B97200CD65BA /* FBLogger.h */,
				1D1C72C61640B97200CD65BA /* FBLogger.m */,
				1D1C72C71640B97200CD65BA /* FBLoginButton.h */,
				1D1C72C81640B97200CD65BA /* FBLoginButton.m */,
				1D1C72C91640B97200CD65BA /* FBLoginDialog.h */,
				1D1C72CA1640B97200CD65BA /* FBLoginDialog.m */,
				1D1C72CB1640B97200CD65BA /* FBLoginView.h */,
				1D1C72CC1640B97200CD65BA /* FBLoginView.m */,
				1D1C72CD1640B97200CD65BA /* FBNativeDialogs.h */,
				1D1C72CE1640B97200CD65BA /* FBNativeDialogs.m */,
				1D1C72CF1640B97200CD65BA /* FBOpenGraphAction.h */,
				1D1C72D01640B97200CD65BA /* FBPlacePickerCacheDescriptor.h */,
				1D1C72D11640B97200CD65BA /* FBPlacePickerCacheDescriptor.m */,
				1D1C72D21640B97200CD65BA /* FBPlacePickerViewController.h */,
				1D1C72D31640B97200CD65BA /* FBPlacePickerViewController.m */,
				1D1C72D41640B97200CD65BA /* FBPlacePickerViewController+Internal.h */,
				1D1C72D51640B97200CD65BA /* FBProfilePictureView.h */,
				1D1C72D61640B97200CD65BA /* FBProfilePictureView.m */,
				1D1C72D71640B97200CD65BA /* FBRequest.h */,
				1D1C72D81640B97200CD65BA /* FBRequest.m */,
				1D1C72D91640B97200CD65BA /* FBRequestBody.h */,
				1D1C72DA1640B97200CD65BA /* FBRequestBody.m */,
				1D1C72DB1640B97200CD65BA /* FBRequestConnection.h */,
				1D1C72DC1640B97200CD65BA /* FBRequestConnection.m */,
				1D1C72DD1640B97200CD65BA /* FBRequestConnection+Internal.h */,
				1D1C72DE1640B97200CD65BA /* FBSDKVersion.h */,
				1D1C72DF1640B97200CD65BA /* FBSession.h */,
				1D1C72E01640B97200CD65BA /* FBSession.m */,
				1D1C72E11640B97200CD65BA /* FBSession+Internal.h */,
				1D1C72E21640B97200CD65BA /* FBSession+Protected.h */,
				1D1C72E31640B97200CD65BA /* FBSessionManualTokenCachingStrategy.h */,
				1D1C72E41640B97200CD65BA /* FBSessionManualTokenCachingStrategy.m */,
				1D1C72E51640B97300CD65BA /* FBSessionTokenCachingStrategy.h */,
				1D1C72E61640B97300CD65BA /* FBSessionTokenCachingStrategy.m */,
				1D1C72E71640B97300CD65BA /* FBSettings.h */,
				1D1C72E81640B97300CD65BA /* FBSettings.m */,
				1D1C72E91640B97300CD65BA /* FBSettings+Internal.h */,
				1D1C72EA1640B97300CD65BA /* FBTestSession.h */,
				1D1C72EB1640B97300CD65BA /* FBTestSession.m */,
				1D1C72EC1640B97300CD65BA /* FBTestSession+Internal.h */,
				1D1C72ED1640B97300CD65BA /* FBURLConnection.h */,
				1D1C72EE1640B97300CD65BA /* FBURLConnection.m */,
				1D1C72EF1640B97300CD65BA /* FBUserSettingsViewController.h */,
				1D1C72F01640B97300CD65BA /* FBUserSettingsViewController.m */,
				1D1C72F21640B97300CD65BA /* FBUtility.h */,
				1D1C72F31640B97300CD65BA /* FBUtility.m */,
				1D1C72F41640B97300CD65BA /* FBViewController.h */,
				1D1C72F51640B97300CD65BA /* FBViewController.m */,
				1D1C72F61640B97300CD65BA /* FBViewController+Internal.h */,
				1D1C72F71640B97300CD65BA /* JSON */,
			);
			name = FBConnect;
			sourceTree = "<group>";
		};
		1D1C72F71640B97300CD65BA /* JSON */ = {
			isa = PBXGroup;
			children = (
				1D1C72F81640B97300CD65BA /* FBSBJSON.h */,
				1D1C72F91640B97300CD65BA /* FBSBJSON.m */,
				1D1C72FA1640B97300CD65BA /* FBSBJsonBase.h */,
				1D1C72FB1640B97300CD65BA /* FBSBJsonBase.m */,
				1D1C72FC1640B97300CD65BA /* FBSBJsonParser.h */,
				1D1C72FD1640B97300CD65BA /* FBSBJsonParser.m */,
				1D1C72FE1640B97300CD65BA /* FBSBJsonWriter.h */,
				1D1C72FF1640B97300CD65BA /* FBSBJsonWriter.m */,
			);
			name = JSON;
			path = Classes/FBConnect/JSON;
			sourceTree = "<group>";
		};
		32C88DFF0371C24200C91783 /* Other Sources */ = {
			isa = PBXGroup;
			children = (
				AA747D9E0F9514B9006C5449 /* Facebook_Prefix.pch */,
				24DD6D1B1134B66800162E58 /* titanium.xcconfig */,
			);
			name = "Other Sources";
			sourceTree = "<group>";
		};
/* End PBXGroup section */

/* Begin PBXHeadersBuildPhase section */
		D2AAC07A0554694100DB518D /* Headers */ = {
			isa = PBXHeadersBuildPhase;
			buildActionMask = 2147483647;
			files = (
				AA747D9F0F9514B9006C5449 /* Facebook_Prefix.pch in Headers */,
				24DE9E1111C5FE74003F90F6 /* FacebookModuleAssets.h in Headers */,
				1D1C728D1640B94900CD65BA /* FacebookModule.h in Headers */,
				1D1C72971640B95D00CD65BA /* TiFacebookDialogRequest.h in Headers */,
				1D1C72991640B95D00CD65BA /* TiFacebookLoginButton.h in Headers */,
				1D1C729B1640B95D00CD65BA /* TiFacebookLoginButtonProxy.h in Headers */,
				1D1C729D1640B95D00CD65BA /* TiFacebookRequest.h in Headers */,
				1D1C73001640B97300CD65BA /* Facebook.h in Headers */,
				1D1C73021640B97300CD65BA /* FacebookSDK.h in Headers */,
				1D1C73031640B97300CD65BA /* FBCacheDescriptor.h in Headers */,
				1D1C73051640B97300CD65BA /* FBCacheIndex.h in Headers */,
				1D1C73071640B97300CD65BA /* FBConnect.h in Headers */,
				1D1C73081640B97300CD65BA /* FBContentLink.h in Headers */,
				1D1C730A1640B97300CD65BA /* FBDataDiskCache.h in Headers */,
				1D1C730C1640B97300CD65BA /* FBDialog.h in Headers */,
				1D1C730E1640B97300CD65BA /* FBError.h in Headers */,
				1D1C73101640B97300CD65BA /* FBFrictionlessRequestSettings.h in Headers */,
				1D1C73121640B97300CD65BA /* FBFriendPickerCacheDescriptor.h in Headers */,
				1D1C73141640B97300CD65BA /* FBFriendPickerViewController.h in Headers */,
				1D1C73161640B97300CD65BA /* FBFriendPickerViewController+Internal.h in Headers */,
				1D1C73171640B97300CD65BA /* FBGraphLocation.h in Headers */,
				1D1C73181640B97300CD65BA /* FBGraphObject.h in Headers */,
				1D1C731A1640B97300CD65BA /* FBGraphObjectPagingLoader.h in Headers */,
				1D1C731C1640B97300CD65BA /* FBGraphObjectTableCell.h in Headers */,
				1D1C731E1640B97300CD65BA /* FBGraphObjectTableDataSource.h in Headers */,
				1D1C73201640B97300CD65BA /* FBGraphObjectTableSelection.h in Headers */,
				1D1C73221640B97300CD65BA /* FBGraphPlace.h in Headers */,
				1D1C73231640B97300CD65BA /* FBGraphUser.h in Headers */,
				1D1C73241640B97300CD65BA /* FBLogger.h in Headers */,
				1D1C73261640B97300CD65BA /* FBLoginButton.h in Headers */,
				1D1C73281640B97300CD65BA /* FBLoginDialog.h in Headers */,
				1D1C732A1640B97300CD65BA /* FBLoginView.h in Headers */,
				1D1C732C1640B97300CD65BA /* FBNativeDialogs.h in Headers */,
				1D1C732E1640B97300CD65BA /* FBOpenGraphAction.h in Headers */,
				1D1C732F1640B97300CD65BA /* FBPlacePickerCacheDescriptor.h in Headers */,
				1D1C73311640B97300CD65BA /* FBPlacePickerViewController.h in Headers */,
				1D1C73331640B97300CD65BA /* FBPlacePickerViewController+Internal.h in Headers */,
				1D1C73341640B97300CD65BA /* FBProfilePictureView.h in Headers */,
				1D1C73361640B97300CD65BA /* FBRequest.h in Headers */,
				1D1C73381640B97300CD65BA /* FBRequestBody.h in Headers */,
				1D1C733A1640B97300CD65BA /* FBRequestConnection.h in Headers */,
				1D1C733C1640B97300CD65BA /* FBRequestConnection+Internal.h in Headers */,
				1D1C733D1640B97300CD65BA /* FBSDKVersion.h in Headers */,
				1D1C733E1640B97300CD65BA /* FBSession.h in Headers */,
				1D1C73401640B97300CD65BA /* FBSession+Internal.h in Headers */,
				1D1C73411640B97300CD65BA /* FBSession+Protected.h in Headers */,
				1D1C73421640B97300CD65BA /* FBSessionManualTokenCachingStrategy.h in Headers */,
				1D1C73441640B97300CD65BA /* FBSessionTokenCachingStrategy.h in Headers */,
				1D1C73461640B97300CD65BA /* FBSettings.h in Headers */,
				1D1C73481640B97300CD65BA /* FBSettings+Internal.h in Headers */,
				1D1C73491640B97300CD65BA /* FBTestSession.h in Headers */,
				1D1C734B1640B97300CD65BA /* FBTestSession+Internal.h in Headers */,
				1D1C734C1640B97300CD65BA /* FBURLConnection.h in Headers */,
				1D1C734E1640B97300CD65BA /* FBUserSettingsViewController.h in Headers */,
				1D1C73501640B97300CD65BA /* FBUtility.h in Headers */,
				1D1C73521640B97300CD65BA /* FBViewController.h in Headers */,
				1D1C73541640B97300CD65BA /* FBViewController+Internal.h in Headers */,
				1D1C73551640B97300CD65BA /* FBSBJSON.h in Headers */,
				1D1C73571640B97300CD65BA /* FBSBJsonBase.h in Headers */,
				1D1C73591640B97300CD65BA /* FBSBJsonParser.h in Headers */,
				1D1C735B1640B97300CD65BA /* FBSBJsonWriter.h in Headers */,
			);
			runOnlyForDeploymentPostprocessing = 0;
		};
/* End PBXHeadersBuildPhase section */

/* Begin PBXNativeTarget section */
		D2AAC07D0554694100DB518D /* facebook */ = {
			isa = PBXNativeTarget;
			buildConfigurationList = 1DEB921E08733DC00010E9CD /* Build configuration list for PBXNativeTarget "facebook" */;
			buildPhases = (
				D2AAC07A0554694100DB518D /* Headers */,
				D2AAC07B0554694100DB518D /* Sources */,
				D2AAC07C0554694100DB518D /* Frameworks */,
			);
			buildRules = (
			);
			dependencies = (
			);
			name = facebook;
			productName = facebook;
			productReference = D2AAC07E0554694100DB518D /* libFacebook.a */;
			productType = "com.apple.product-type.library.static";
		};
/* End PBXNativeTarget section */

/* Begin PBXProject section */
		0867D690FE84028FC02AAC07 /* Project object */ = {
			isa = PBXProject;
			buildConfigurationList = 1DEB922208733DC00010E9CD /* Build configuration list for PBXProject "facebook" */;
			compatibilityVersion = "Xcode 3.1";
			developmentRegion = English;
			hasScannedForEncodings = 1;
			knownRegions = (
				English,
				Japanese,
				French,
				German,
			);
			mainGroup = 0867D691FE84028FC02AAC07 /* facebook */;
			productRefGroup = 034768DFFF38A50411DB9C8B /* Products */;
			projectDirPath = "";
			projectRoot = "";
			targets = (
				D2AAC07D0554694100DB518D /* facebook */,
				24416B8111C4CA220047AFDD /* Build & Test */,
			);
		};
/* End PBXProject section */

/* Begin PBXShellScriptBuildPhase section */
		24416B8011C4CA220047AFDD /* ShellScript */ = {
			isa = PBXShellScriptBuildPhase;
			buildActionMask = 2147483647;
			files = (
			);
			inputPaths = (
			);
			outputPaths = (
			);
			runOnlyForDeploymentPostprocessing = 0;
			shellPath = /bin/sh;
			shellScript = "# shell script goes here\n\npython \"${TITANIUM_SDK}/titanium.py\" run --dir=\"${PROJECT_DIR}\"\nexit $?\n";
		};
/* End PBXShellScriptBuildPhase section */

/* Begin PBXSourcesBuildPhase section */
		D2AAC07B0554694100DB518D /* Sources */ = {
			isa = PBXSourcesBuildPhase;
			buildActionMask = 2147483647;
			files = (
				24DE9E1211C5FE74003F90F6 /* FacebookModuleAssets.m in Sources */,
				1D1C728E1640B94900CD65BA /* FacebookModule.m in Sources */,
				1D1C72981640B95D00CD65BA /* TiFacebookDialogRequest.m in Sources */,
				1D1C729A1640B95D00CD65BA /* TiFacebookLoginButton.m in Sources */,
				1D1C729C1640B95D00CD65BA /* TiFacebookLoginButtonProxy.m in Sources */,
				1D1C729E1640B95D00CD65BA /* TiFacebookRequest.m in Sources */,
				1D1C73011640B97300CD65BA /* Facebook.m in Sources */,
				1D1C73041640B97300CD65BA /* FBCacheDescriptor.m in Sources */,
				1D1C73061640B97300CD65BA /* FBCacheIndex.m in Sources */,
				1D1C73091640B97300CD65BA /* FBContentLink.m in Sources */,
				1D1C730B1640B97300CD65BA /* FBDataDiskCache.m in Sources */,
				1D1C730D1640B97300CD65BA /* FBDialog.m in Sources */,
				1D1C730F1640B97300CD65BA /* FBError.m in Sources */,
				1D1C73111640B97300CD65BA /* FBFrictionlessRequestSettings.m in Sources */,
				1D1C73131640B97300CD65BA /* FBFriendPickerCacheDescriptor.m in Sources */,
				1D1C73151640B97300CD65BA /* FBFriendPickerViewController.m in Sources */,
				1D1C73191640B97300CD65BA /* FBGraphObject.m in Sources */,
				1D1C731B1640B97300CD65BA /* FBGraphObjectPagingLoader.m in Sources */,
				1D1C731D1640B97300CD65BA /* FBGraphObjectTableCell.m in Sources */,
				1D1C731F1640B97300CD65BA /* FBGraphObjectTableDataSource.m in Sources */,
				1D1C73211640B97300CD65BA /* FBGraphObjectTableSelection.m in Sources */,
				1D1C73251640B97300CD65BA /* FBLogger.m in Sources */,
				1D1C73271640B97300CD65BA /* FBLoginButton.m in Sources */,
				1D1C73291640B97300CD65BA /* FBLoginDialog.m in Sources */,
				1D1C732B1640B97300CD65BA /* FBLoginView.m in Sources */,
				1D1C732D1640B97300CD65BA /* FBNativeDialogs.m in Sources */,
				1D1C73301640B97300CD65BA /* FBPlacePickerCacheDescriptor.m in Sources */,
				1D1C73321640B97300CD65BA /* FBPlacePickerViewController.m in Sources */,
				1D1C73351640B97300CD65BA /* FBProfilePictureView.m in Sources */,
				1D1C73371640B97300CD65BA /* FBRequest.m in Sources */,
				1D1C73391640B97300CD65BA /* FBRequestBody.m in Sources */,
				1D1C733B1640B97300CD65BA /* FBRequestConnection.m in Sources */,
				1D1C733F1640B97300CD65BA /* FBSession.m in Sources */,
				1D1C73431640B97300CD65BA /* FBSessionManualTokenCachingStrategy.m in Sources */,
				1D1C73451640B97300CD65BA /* FBSessionTokenCachingStrategy.m in Sources */,
				1D1C73471640B97300CD65BA /* FBSettings.m in Sources */,
				1D1C734A1640B97300CD65BA /* FBTestSession.m in Sources */,
				1D1C734D1640B97300CD65BA /* FBURLConnection.m in Sources */,
				1D1C734F1640B97300CD65BA /* FBUserSettingsViewController.m in Sources */,
				1D1C73511640B97300CD65BA /* FBUtility.m in Sources */,
				1D1C73531640B97300CD65BA /* FBViewController.m in Sources */,
				1D1C73561640B97300CD65BA /* FBSBJSON.m in Sources */,
				1D1C73581640B97300CD65BA /* FBSBJsonBase.m in Sources */,
				1D1C735A1640B97300CD65BA /* FBSBJsonParser.m in Sources */,
				1D1C735C1640B97300CD65BA /* FBSBJsonWriter.m in Sources */,
			);
			runOnlyForDeploymentPostprocessing = 0;
		};
/* End PBXSourcesBuildPhase section */

/* Begin PBXTargetDependency section */
		24416B8511C4CA280047AFDD /* PBXTargetDependency */ = {
			isa = PBXTargetDependency;
			target = D2AAC07D0554694100DB518D /* facebook */;
			targetProxy = 24416B8411C4CA280047AFDD /* PBXContainerItemProxy */;
		};
/* End PBXTargetDependency section */

/* Begin XCBuildConfiguration section */
		1DEB921F08733DC00010E9CD /* Debug */ = {
			isa = XCBuildConfiguration;
			baseConfigurationReference = 24DD6D1B1134B66800162E58 /* titanium.xcconfig */;
			buildSettings = {
				CODE_SIGN_IDENTITY = "iPhone Developer";
				"CODE_SIGN_IDENTITY[sdk=iphoneos*]" = "iPhone Developer";
				DSTROOT = /tmp/Facebook.dst;
				GCC_C_LANGUAGE_STANDARD = c99;
				GCC_OPTIMIZATION_LEVEL = 0;
				GCC_PRECOMPILE_PREFIX_HEADER = YES;
				GCC_PREFIX_HEADER = Facebook_Prefix.pch;
				GCC_PREPROCESSOR_DEFINITIONS = "TI_VERSION=$(TI_VERSION)";
				GCC_TREAT_WARNINGS_AS_ERRORS = NO;
				GCC_VERSION = "";
				GCC_WARN_ABOUT_RETURN_TYPE = NO;
				GCC_WARN_MISSING_PARENTHESES = NO;
				GCC_WARN_SHADOW = NO;
				GCC_WARN_STRICT_SELECTOR_MATCH = NO;
				GCC_WARN_UNUSED_FUNCTION = YES;
				GCC_WARN_UNUSED_PARAMETER = NO;
				GCC_WARN_UNUSED_VALUE = NO;
				GCC_WARN_UNUSED_VARIABLE = NO;
				INSTALL_PATH = /usr/local/lib;
				LIBRARY_SEARCH_PATHS = "";
				OTHER_CFLAGS = (
					"-DDEBUG",
					"-DTI_POST_1_2",
				);
				OTHER_LDFLAGS = "-ObjC";
				PRODUCT_NAME = Facebook;
				PROVISIONING_PROFILE = "";
				"PROVISIONING_PROFILE[sdk=iphoneos*]" = "";
				RUN_CLANG_STATIC_ANALYZER = NO;
				SDKROOT = iphoneos;
				USER_HEADER_SEARCH_PATHS = "";
			};
			name = Debug;
		};
		1DEB922008733DC00010E9CD /* Release */ = {
			isa = XCBuildConfiguration;
			baseConfigurationReference = 24DD6D1B1134B66800162E58 /* titanium.xcconfig */;
			buildSettings = {
				ALWAYS_SEARCH_USER_PATHS = NO;
				DSTROOT = /tmp/Facebook.dst;
				GCC_C_LANGUAGE_STANDARD = c99;
				GCC_MODEL_TUNING = G5;
				GCC_PRECOMPILE_PREFIX_HEADER = YES;
				GCC_PREFIX_HEADER = Facebook_Prefix.pch;
				GCC_PREPROCESSOR_DEFINITIONS = "TI_VERSION=$(TI_VERSION)";
				GCC_TREAT_WARNINGS_AS_ERRORS = NO;
				GCC_VERSION = "";
				GCC_WARN_ABOUT_RETURN_TYPE = NO;
				GCC_WARN_MISSING_PARENTHESES = NO;
				GCC_WARN_SHADOW = NO;
				GCC_WARN_STRICT_SELECTOR_MATCH = NO;
				GCC_WARN_UNUSED_FUNCTION = YES;
				GCC_WARN_UNUSED_PARAMETER = NO;
				GCC_WARN_UNUSED_VALUE = NO;
				GCC_WARN_UNUSED_VARIABLE = NO;
				INSTALL_PATH = /usr/local/lib;
				IPHONEOS_DEPLOYMENT_TARGET = 4.0;
				LIBRARY_SEARCH_PATHS = "";
				OTHER_CFLAGS = "-DTI_POST_1_2";
				OTHER_LDFLAGS = "-ObjC";
				PRODUCT_NAME = Facebook;
				RUN_CLANG_STATIC_ANALYZER = NO;
				SDKROOT = iphoneos;
				USER_HEADER_SEARCH_PATHS = "";
			};
			name = Release;
		};
		1DEB922308733DC00010E9CD /* Debug */ = {
			isa = XCBuildConfiguration;
			baseConfigurationReference = 24DD6D1B1134B66800162E58 /* titanium.xcconfig */;
			buildSettings = {
				CODE_SIGN_IDENTITY = "iPhone Developer";
				"CODE_SIGN_IDENTITY[sdk=iphoneos*]" = "iPhone Developer";
				DSTROOT = /tmp/Facebook.dst;
				GCC_C_LANGUAGE_STANDARD = c99;
				GCC_OPTIMIZATION_LEVEL = 0;
				GCC_PRECOMPILE_PREFIX_HEADER = YES;
				GCC_PREFIX_HEADER = Facebook_Prefix.pch;
				GCC_PREPROCESSOR_DEFINITIONS = "TI_VERSION=$(TI_VERSION)";
				GCC_TREAT_WARNINGS_AS_ERRORS = NO;
				GCC_VERSION = "";
				GCC_WARN_ABOUT_RETURN_TYPE = NO;
				GCC_WARN_MISSING_PARENTHESES = NO;
				GCC_WARN_SHADOW = NO;
				GCC_WARN_STRICT_SELECTOR_MATCH = NO;
				GCC_WARN_UNUSED_FUNCTION = YES;
				GCC_WARN_UNUSED_PARAMETER = NO;
				GCC_WARN_UNUSED_VALUE = NO;
				GCC_WARN_UNUSED_VARIABLE = NO;
				INSTALL_PATH = /usr/local/lib;
				OTHER_CFLAGS = (
					"-DDEBUG",
					"-DTI_POST_1_2",
				);
				OTHER_LDFLAGS = "-ObjC";
				PRODUCT_NAME = Facebook;
				PROVISIONING_PROFILE = "";
				"PROVISIONING_PROFILE[sdk=iphoneos*]" = "";
				RUN_CLANG_STATIC_ANALYZER = NO;
				SDKROOT = iphoneos;
				USER_HEADER_SEARCH_PATHS = "";
			};
			name = Debug;
		};
		1DEB922408733DC00010E9CD /* Release */ = {
			isa = XCBuildConfiguration;
			baseConfigurationReference = 24DD6D1B1134B66800162E58 /* titanium.xcconfig */;
			buildSettings = {
				ALWAYS_SEARCH_USER_PATHS = NO;
				DSTROOT = /tmp/Facebook.dst;
				GCC_C_LANGUAGE_STANDARD = c99;
				GCC_MODEL_TUNING = G5;
				GCC_PRECOMPILE_PREFIX_HEADER = YES;
				GCC_PREFIX_HEADER = Facebook_Prefix.pch;
				GCC_PREPROCESSOR_DEFINITIONS = "TI_VERSION=$(TI_VERSION)";
				GCC_TREAT_WARNINGS_AS_ERRORS = NO;
				GCC_VERSION = "";
				GCC_WARN_ABOUT_RETURN_TYPE = NO;
				GCC_WARN_MISSING_PARENTHESES = NO;
				GCC_WARN_SHADOW = NO;
				GCC_WARN_STRICT_SELECTOR_MATCH = NO;
				GCC_WARN_UNUSED_FUNCTION = YES;
				GCC_WARN_UNUSED_PARAMETER = NO;
				GCC_WARN_UNUSED_VALUE = NO;
				GCC_WARN_UNUSED_VARIABLE = NO;
				INSTALL_PATH = /usr/local/lib;
				IPHONEOS_DEPLOYMENT_TARGET = 4.0;
				OTHER_CFLAGS = "-DTI_POST_1_2";
				OTHER_LDFLAGS = "-ObjC";
				PRODUCT_NAME = Facebook;
				RUN_CLANG_STATIC_ANALYZER = NO;
				SDKROOT = iphoneos;
				USER_HEADER_SEARCH_PATHS = "";
			};
			name = Release;
		};
		24416B8211C4CA220047AFDD /* Debug */ = {
			isa = XCBuildConfiguration;
			baseConfigurationReference = 24DD6D1B1134B66800162E58 /* titanium.xcconfig */;
			buildSettings = {
				COPY_PHASE_STRIP = NO;
				GCC_DYNAMIC_NO_PIC = NO;
				GCC_OPTIMIZATION_LEVEL = 0;
				PRODUCT_NAME = "Build & test";
			};
			name = Debug;
		};
		24416B8311C4CA220047AFDD /* Release */ = {
			isa = XCBuildConfiguration;
			baseConfigurationReference = 24DD6D1B1134B66800162E58 /* titanium.xcconfig */;
			buildSettings = {
				COPY_PHASE_STRIP = YES;
				DEBUG_INFORMATION_FORMAT = "dwarf-with-dsym";
				GCC_ENABLE_FIX_AND_CONTINUE = NO;
				PRODUCT_NAME = "Build & test";
				ZERO_LINK = NO;
			};
			name = Release;
		};
/* End XCBuildConfiguration section */

/* Begin XCConfigurationList section */
		1DEB921E08733DC00010E9CD /* Build configuration list for PBXNativeTarget "facebook" */ = {
			isa = XCConfigurationList;
			buildConfigurations = (
				1DEB921F08733DC00010E9CD /* Debug */,
				1DEB922008733DC00010E9CD /* Release */,
			);
			defaultConfigurationIsVisible = 0;
			defaultConfigurationName = Release;
		};
		1DEB922208733DC00010E9CD /* Build configuration list for PBXProject "facebook" */ = {
			isa = XCConfigurationList;
			buildConfigurations = (
				1DEB922308733DC00010E9CD /* Debug */,
				1DEB922408733DC00010E9CD /* Release */,
			);
			defaultConfigurationIsVisible = 0;
			defaultConfigurationName = Release;
		};
		24416B8A11C4CA520047AFDD /* Build configuration list for PBXAggregateTarget "Build & Test" */ = {
			isa = XCConfigurationList;
			buildConfigurations = (
				24416B8211C4CA220047AFDD /* Debug */,
				24416B8311C4CA220047AFDD /* Release */,
			);
			defaultConfigurationIsVisible = 0;
			defaultConfigurationName = Release;
		};
/* End XCConfigurationList section */
	};
	rootObject = 0867D690FE84028FC02AAC07 /* Project object */;
}
